
Microsoft Visual Studio Solution File, Format Version 12.00
# Visual Studio Version 17
VisualStudioVersion = 17.11.35219.272
MinimumVisualStudioVersion = 10.0.40219.1
Project("{FAE04EC0-301F-11D3-BF4B-00C04F79EFBC}") = "Reliable-Reservations", "Reliable-Reservations.csproj", "{D58CF5F2-BFA3-4B73-BF29-209ECB7D1A0C}"
EndProject
Global
	GlobalSection(SolutionConfigurationPlatforms) = preSolution
		Debug|Any CPU = Debug|Any CPU
		Release|Any CPU = Release|Any CPU
	EndGlobalSection
	GlobalSection(ProjectConfigurationPlatforms) = postSolution
		{D58CF5F2-BFA3-4B73-BF29-209ECB7D1A0C}.Debug|Any CPU.ActiveCfg = Debug|Any CPU
		{D58CF5F2-BFA3-4B73-BF29-209ECB7D1A0C}.Debug|Any CPU.Build.0 = Debug|Any CPU
		{D58CF5F2-BFA3-4B73-BF29-209ECB7D1A0C}.Release|Any CPU.ActiveCfg = Release|Any CPU
		{D58CF5F2-BFA3-4B73-BF29-209ECB7D1A0C}.Release|Any CPU.Build.0 = Release|Any CPU
	EndGlobalSection
	GlobalSection(SolutionProperties) = preSolution
		HideSolutionNode = FALSE
	EndGlobalSection
	GlobalSection(ExtensibilityGlobals) = postSolution
		SolutionGuid = {6E0FBF7F-A51C-4D22-B842-0D0CB0B553FE}
	EndGlobalSection
EndGlobal
